
Microsoft Visual Studio Solution File, Format Version 12.00
# Visual Studio Version 17
VisualStudioVersion = 17.7.34024.191
MinimumVisualStudioVersion = 10.0.40219.1
Project("{FAE04EC0-301F-11D3-BF4B-00C04F79EFBC}") = "SpotifyNetflix", "SpotifyNetflix\SpotifyNetflix.csproj", "{C4590C43-C344-45DE-B044-AF45D778F65E}"
EndProject
Global
	GlobalSection(SolutionConfigurationPlatforms) = preSolution
		Debug|Any CPU = Debug|Any CPU
		Release|Any CPU = Release|Any CPU
	EndGlobalSection
	GlobalSection(ProjectConfigurationPlatforms) = postSolution
		{C4590C43-C344-45DE-B044-AF45D778F65E}.Debug|Any CPU.ActiveCfg = Debug|Any CPU
		{C4590C43-C344-45DE-B044-AF45D778F65E}.Debug|Any CPU.Build.0 = Debug|Any CPU
		{C4590C43-C344-45DE-B044-AF45D778F65E}.Release|Any CPU.ActiveCfg = Release|Any CPU
		{C4590C43-C344-45DE-B044-AF45D778F65E}.Release|Any CPU.Build.0 = Release|Any CPU
	EndGlobalSection
	GlobalSection(SolutionProperties) = preSolution
		HideSolutionNode = FALSE
	EndGlobalSection
	GlobalSection(ExtensibilityGlobals) = postSolution
		SolutionGuid = {4EEED8C7-75BD-4885-B968-1E2B210A36B5}
	EndGlobalSection
EndGlobal
